
Microsoft Visual Studio Solution File, Format Version 9.00
# Visual Studio 2005
Project("{8BC9CEB8-8B4A-11D0-8D11-00A0C91BC942}") = "Descent3", "Descent3\Descent3.vcproj", "{B39FE17E-EB71-47B1-9BF5-B5BD978629C9}"
	ProjectSection(ProjectDependencies) = postProject
		{8FD88770-B02A-4FF5-BC39-AF8931F8C77F} = {8FD88770-B02A-4FF5-BC39-AF8931F8C77F}
		{437ECD7F-A465-4011-88FE-013EB3EBF87E} = {437ECD7F-A465-4011-88FE-013EB3EBF87E}
		{8B3ACFD1-6DC7-40B6-9432-068804C6FB79} = {8B3ACFD1-6DC7-40B6-9432-068804C6FB79}
		{6B0E26F9-0E59-4E0E-9A15-9D063B99F18B} = {6B0E26F9-0E59-4E0E-9A15-9D063B99F18B}
		{2263C3F8-F157-4B2E-8F1D-92BFA1B1ED9F} = {2263C3F8-F157-4B2E-8F1D-92BFA1B1ED9F}
		{1BC569F8-69B9-4D3E-A800-FDD1587F0FB3} = {1BC569F8-69B9-4D3E-A800-FDD1587F0FB3}
		{BB253BE6-03B8-43EF-93CC-136650A5E2F3} = {BB253BE6-03B8-43EF-93CC-136650A5E2F3}
		{B52DBAD2-47AC-4F7C-9814-94BD16B95201} = {B52DBAD2-47AC-4F7C-9814-94BD16B95201}
		{2755A2CE-3BF3-46B6-A01E-D8FB5F67B17A} = {2755A2CE-3BF3-46B6-A01E-D8FB5F67B17A}
		{94B371BC-FE5F-4EAF-988B-D61B95F5456E} = {94B371BC-FE5F-4EAF-988B-D61B95F5456E}
		{E35D73B9-68D4-4368-80F2-5F48BB8C698F} = {E35D73B9-68D4-4368-80F2-5F48BB8C698F}
		{0F09F4B7-76BB-4752-8FA1-A05CB548E572} = {0F09F4B7-76BB-4752-8FA1-A05CB548E572}
		{8D4BC4B6-91AE-4AAF-8006-2914317769D0} = {8D4BC4B6-91AE-4AAF-8006-2914317769D0}
		{A0D95EAB-2AAA-4D11-B6D0-733B8E85D61E} = {A0D95EAB-2AAA-4D11-B6D0-733B8E85D61E}
		{F770A8A4-7A9C-4154-9198-8B6E1AB03BE0} = {F770A8A4-7A9C-4154-9198-8B6E1AB03BE0}
		{7D86068E-A828-4739-8FA9-6551EEACB816} = {7D86068E-A828-4739-8FA9-6551EEACB816}
		{8E47638A-0FB0-4363-8DC0-8D12CD7C9609} = {8E47638A-0FB0-4363-8DC0-8D12CD7C9609}
		{EB468887-5B0E-48F6-91A8-FDF0C86868AC} = {EB468887-5B0E-48F6-91A8-FDF0C86868AC}
		{86B52775-0CD5-40F3-AA84-E1B6B5095B7B} = {86B52775-0CD5-40F3-AA84-E1B6B5095B7B}
		{464EB673-F74E-40CB-BB9F-3025584A15E4} = {464EB673-F74E-40CB-BB9F-3025584A15E4}
		{FA086773-496F-404C-9F9F-197189652E57} = {FA086773-496F-404C-9F9F-197189652E57}
		{ADCC916D-6162-472C-BF06-11340783CC75} = {ADCC916D-6162-472C-BF06-11340783CC75}
		{1D5E5F6D-493B-4842-AF75-EAB964156B3F} = {1D5E5F6D-493B-4842-AF75-EAB964156B3F}
		{0994A269-A8A0-4EC2-B277-2EC55AACD9A8} = {0994A269-A8A0-4EC2-B277-2EC55AACD9A8}
		{D6A4235C-22C0-4692-8C04-EEDFFE616790} = {D6A4235C-22C0-4692-8C04-EEDFFE616790}
		{D335E14B-F7DE-459B-AA2D-B4240D3E754E} = {D335E14B-F7DE-459B-AA2D-B4240D3E754E}
		{E3DDFA42-B171-48A7-9AF4-4A119BD567BC} = {E3DDFA42-B171-48A7-9AF4-4A119BD567BC}
		{ACB4642D-3E0E-4001-BB48-1919D25542AC} = {ACB4642D-3E0E-4001-BB48-1919D25542AC}
		{EAE27F25-5F86-482C-B790-C231BA53210F} = {EAE27F25-5F86-482C-B790-C231BA53210F}
		{6F8C5125-ABA9-4D4A-AEF5-AAF0F0CE67AD} = {6F8C5125-ABA9-4D4A-AEF5-AAF0F0CE67AD}
		{4EF1901F-6248-4B10-80A9-A07916C697CA} = {4EF1901F-6248-4B10-80A9-A07916C697CA}
		{84763615-0D99-47D6-BAD8-272EF381AB3F} = {84763615-0D99-47D6-BAD8-272EF381AB3F}
		{FAE4E806-4DC4-4346-917F-87F87EEDBFC3} = {FAE4E806-4DC4-4346-917F-87F87EEDBFC3}
	EndProjectSection
EndProject
Project("{8BC9CEB8-8B4A-11D0-8D11-00A0C91BC942}") = "2dlib", "2dlib\2dlib.vcproj", "{0F09F4B7-76BB-4752-8FA1-A05CB548E572}"
EndProject
Project("{8BC9CEB8-8B4A-11D0-8D11-00A0C91BC942}") = "bitmap", "bitmap\bitmap.vcproj", "{84763615-0D99-47D6-BAD8-272EF381AB3F}"
EndProject
Project("{8BC9CEB8-8B4A-11D0-8D11-00A0C91BC942}") = "cfile", "cfile\cfile.vcproj", "{464EB673-F74E-40CB-BB9F-3025584A15E4}"
EndProject
Project("{8BC9CEB8-8B4A-11D0-8D11-00A0C91BC942}") = "czip", "czip\czip.vcproj", "{94B371BC-FE5F-4EAF-988B-D61B95F5456E}"
EndProject
Project("{8BC9CEB8-8B4A-11D0-8D11-00A0C91BC942}") = "d3music", "d3music\d3music.vcproj", "{BB253BE6-03B8-43EF-93CC-136650A5E2F3}"
EndProject
Project("{8BC9CEB8-8B4A-11D0-8D11-00A0C91BC942}") = "dd_sndlib", "dd_sndlib\dd_sndlib.vcproj", "{1D5E5F6D-493B-4842-AF75-EAB964156B3F}"
EndProject
Project("{8BC9CEB8-8B4A-11D0-8D11-00A0C91BC942}") = "dd_grwin32", "dd_grwin32\dd_grwin32.vcproj", "{EB468887-5B0E-48F6-91A8-FDF0C86868AC}"
EndProject
Project("{8BC9CEB8-8B4A-11D0-8D11-00A0C91BC942}") = "ddio_common", "ddio_common\ddio_common.vcproj", "{8D4BC4B6-91AE-4AAF-8006-2914317769D0}"
EndProject
Project("{8BC9CEB8-8B4A-11D0-8D11-00A0C91BC942}") = "ddio_win", "ddio_win\ddio_win.vcproj", "{4EF1901F-6248-4B10-80A9-A07916C697CA}"
EndProject
Project("{8BC9CEB8-8B4A-11D0-8D11-00A0C91BC942}") = "dd_vidwin32", "dd_vidwin32\dd_vidwin32.vcproj", "{D6A4235C-22C0-4692-8C04-EEDFFE616790}"
EndProject
Project("{8BC9CEB8-8B4A-11D0-8D11-00A0C91BC942}") = "fix", "fix\fix.vcproj", "{FA086773-496F-404C-9F9F-197189652E57}"
EndProject
Project("{8BC9CEB8-8B4A-11D0-8D11-00A0C91BC942}") = "grtext", "grtext\grtext.vcproj", "{ACB4642D-3E0E-4001-BB48-1919D25542AC}"
EndProject
Project("{8BC9CEB8-8B4A-11D0-8D11-00A0C91BC942}") = "manage", "manage\manage.vcproj", "{D335E14B-F7DE-459B-AA2D-B4240D3E754E}"
EndProject
Project("{8BC9CEB8-8B4A-11D0-8D11-00A0C91BC942}") = "mem", "mem\mem.vcproj", "{86B52775-0CD5-40F3-AA84-E1B6B5095B7B}"
EndProject
Project("{8BC9CEB8-8B4A-11D0-8D11-00A0C91BC942}") = "misc", "misc\misc.vcproj", "{1BC569F8-69B9-4D3E-A800-FDD1587F0FB3}"
EndProject
Project("{8BC9CEB8-8B4A-11D0-8D11-00A0C91BC942}") = "model", "model\model.vcproj", "{FAE4E806-4DC4-4346-917F-87F87EEDBFC3}"
EndProject
Project("{8BC9CEB8-8B4A-11D0-8D11-00A0C91BC942}") = "module", "module\module.vcproj", "{EAE27F25-5F86-482C-B790-C231BA53210F}"
EndProject
Project("{8BC9CEB8-8B4A-11D0-8D11-00A0C91BC942}") = "movie", "movie\movie.vcproj", "{0994A269-A8A0-4EC2-B277-2EC55AACD9A8}"
EndProject
Project("{8BC9CEB8-8B4A-11D0-8D11-00A0C91BC942}") = "music", "music\music.vcproj", "{6B0E26F9-0E59-4E0E-9A15-9D063B99F18B}"
EndProject
Project("{8BC9CEB8-8B4A-11D0-8D11-00A0C91BC942}") = "networking", "networking\networking.vcproj", "{2263C3F8-F157-4B2E-8F1D-92BFA1B1ED9F}"
EndProject
Project("{8BC9CEB8-8B4A-11D0-8D11-00A0C91BC942}") = "physics", "physics\physics.vcproj", "{ADCC916D-6162-472C-BF06-11340783CC75}"
EndProject
Project("{8BC9CEB8-8B4A-11D0-8D11-00A0C91BC942}") = "renderer", "renderer\renderer.vcproj", "{E35D73B9-68D4-4368-80F2-5F48BB8C698F}"
EndProject
Project("{8BC9CEB8-8B4A-11D0-8D11-00A0C91BC942}") = "rtperformance", "rtperformance\rtperformance.vcproj", "{B52DBAD2-47AC-4F7C-9814-94BD16B95201}"
EndProject
Project("{8BC9CEB8-8B4A-11D0-8D11-00A0C91BC942}") = "sndlib", "sndlib\sndlib.vcproj", "{2755A2CE-3BF3-46B6-A01E-D8FB5F67B17A}"
EndProject
Project("{8BC9CEB8-8B4A-11D0-8D11-00A0C91BC942}") = "stream_audio", "stream_audio\stream_audio.vcproj", "{6F8C5125-ABA9-4D4A-AEF5-AAF0F0CE67AD}"
EndProject
Project("{8BC9CEB8-8B4A-11D0-8D11-00A0C91BC942}") = "ui", "ui\ui.vcproj", "{A0D95EAB-2AAA-4D11-B6D0-733B8E85D61E}"
EndProject
Project("{8BC9CEB8-8B4A-11D0-8D11-00A0C91BC942}") = "unzip", "unzip\unzip.vcproj", "{7D86068E-A828-4739-8FA9-6551EEACB816}"
EndProject
Project("{8BC9CEB8-8B4A-11D0-8D11-00A0C91BC942}") = "vecmat", "vecmat\vecmat.vcproj", "{E3DDFA42-B171-48A7-9AF4-4A119BD567BC}"
EndProject
Project("{8BC9CEB8-8B4A-11D0-8D11-00A0C91BC942}") = "win32", "win32\win32.vcproj", "{8E47638A-0FB0-4363-8DC0-8D12CD7C9609}"
EndProject
Project("{8BC9CEB8-8B4A-11D0-8D11-00A0C91BC942}") = "lib", "lib\lib.vcproj", "{2CD488EC-D91B-465C-8614-FFC84AF08150}"
EndProject
Project("{8BC9CEB8-8B4A-11D0-8D11-00A0C91BC942}") = "libmve", "libmve\libmve.vcproj", "{8B3ACFD1-6DC7-40B6-9432-068804C6FB79}"
EndProject
Project("{8BC9CEB8-8B4A-11D0-8D11-00A0C91BC942}") = "md5", "md5\md5.vcproj", "{F770A8A4-7A9C-4154-9198-8B6E1AB03BE0}"
EndProject
Project("{8BC9CEB8-8B4A-11D0-8D11-00A0C91BC942}") = "libacm", "libacm\libacm.vcproj", "{8FD88770-B02A-4FF5-BC39-AF8931F8C77F}"
EndProject
Project("{8BC9CEB8-8B4A-11D0-8D11-00A0C91BC942}") = "AudioEncode", "AudioEncode\AudioEncode.vcproj", "{437ECD7F-A465-4011-88FE-013EB3EBF87E}"
EndProject
Global
	GlobalSection(SolutionConfigurationPlatforms) = preSolution
		Debug|Win32 = Debug|Win32
		Release|Win32 = Release|Win32
	EndGlobalSection
	GlobalSection(ProjectConfigurationPlatforms) = postSolution
		{B39FE17E-EB71-47B1-9BF5-B5BD978629C9}.Debug|Win32.ActiveCfg = Debug|Win32
		{B39FE17E-EB71-47B1-9BF5-B5BD978629C9}.Debug|Win32.Build.0 = Debug|Win32
		{B39FE17E-EB71-47B1-9BF5-B5BD978629C9}.Release|Win32.ActiveCfg = Release|Win32
		{B39FE17E-EB71-47B1-9BF5-B5BD978629C9}.Release|Win32.Build.0 = Release|Win32
		{0F09F4B7-76BB-4752-8FA1-A05CB548E572}.Debug|Win32.ActiveCfg = Debug|Win32
		{0F09F4B7-76BB-4752-8FA1-A05CB548E572}.Debug|Win32.Build.0 = Debug|Win32
		{0F09F4B7-76BB-4752-8FA1-A05CB548E572}.Release|Win32.ActiveCfg = Release|Win32
		{0F09F4B7-76BB-4752-8FA1-A05CB548E572}.Release|Win32.Build.0 = Release|Win32
		{84763615-0D99-47D6-BAD8-272EF381AB3F}.Debug|Win32.ActiveCfg = Debug|Win32
		{84763615-0D99-47D6-BAD8-272EF381AB3F}.Debug|Win32.Build.0 = Debug|Win32
		{84763615-0D99-47D6-BAD8-272EF381AB3F}.Release|Win32.ActiveCfg = Release|Win32
		{84763615-0D99-47D6-BAD8-272EF381AB3F}.Release|Win32.Build.0 = Release|Win32
		{464EB673-F74E-40CB-BB9F-3025584A15E4}.Debug|Win32.ActiveCfg = Debug|Win32
		{464EB673-F74E-40CB-BB9F-3025584A15E4}.Debug|Win32.Build.0 = Debug|Win32
		{464EB673-F74E-40CB-BB9F-3025584A15E4}.Release|Win32.ActiveCfg = Release|Win32
		{464EB673-F74E-40CB-BB9F-3025584A15E4}.Release|Win32.Build.0 = Release|Win32
		{94B371BC-FE5F-4EAF-988B-D61B95F5456E}.Debug|Win32.ActiveCfg = Debug|Win32
		{94B371BC-FE5F-4EAF-988B-D61B95F5456E}.Debug|Win32.Build.0 = Debug|Win32
		{94B371BC-FE5F-4EAF-988B-D61B95F5456E}.Release|Win32.ActiveCfg = Release|Win32
		{94B371BC-FE5F-4EAF-988B-D61B95F5456E}.Release|Win32.Build.0 = Release|Win32
		{BB253BE6-03B8-43EF-93CC-136650A5E2F3}.Debug|Win32.ActiveCfg = Debug|Win32
		{BB253BE6-03B8-43EF-93CC-136650A5E2F3}.Debug|Win32.Build.0 = Debug|Win32
		{BB253BE6-03B8-43EF-93CC-136650A5E2F3}.Release|Win32.ActiveCfg = Release|Win32
		{BB253BE6-03B8-43EF-93CC-136650A5E2F3}.Release|Win32.Build.0 = Release|Win32
		{1D5E5F6D-493B-4842-AF75-EAB964156B3F}.Debug|Win32.ActiveCfg = Debug|Win32
		{1D5E5F6D-493B-4842-AF75-EAB964156B3F}.Debug|Win32.Build.0 = Debug|Win32
		{1D5E5F6D-493B-4842-AF75-EAB964156B3F}.Release|Win32.ActiveCfg = Release|Win32
		{1D5E5F6D-493B-4842-AF75-EAB964156B3F}.Release|Win32.Build.0 = Release|Win32
		{EB468887-5B0E-48F6-91A8-FDF0C86868AC}.Debug|Win32.ActiveCfg = Debug|Win32
		{EB468887-5B0E-48F6-91A8-FDF0C86868AC}.Debug|Win32.Build.0 = Debug|Win32
		{EB468887-5B0E-48F6-91A8-FDF0C86868AC}.Release|Win32.ActiveCfg = Release|Win32
		{EB468887-5B0E-48F6-91A8-FDF0C86868AC}.Release|Win32.Build.0 = Release|Win32
		{8D4BC4B6-91AE-4AAF-8006-2914317769D0}.Debug|Win32.ActiveCfg = Debug|Win32
		{8D4BC4B6-91AE-4AAF-8006-2914317769D0}.Debug|Win32.Build.0 = Debug|Win32
		{8D4BC4B6-91AE-4AAF-8006-2914317769D0}.Release|Win32.ActiveCfg = Release|Win32
		{8D4BC4B6-91AE-4AAF-8006-2914317769D0}.Release|Win32.Build.0 = Release|Win32
		{4EF1901F-6248-4B10-80A9-A07916C697CA}.Debug|Win32.ActiveCfg = Debug|Win32
		{4EF1901F-6248-4B10-80A9-A07916C697CA}.Debug|Win32.Build.0 = Debug|Win32
		{4EF1901F-6248-4B10-80A9-A07916C697CA}.Release|Win32.ActiveCfg = Release|Win32
		{4EF1901F-6248-4B10-80A9-A07916C697CA}.Release|Win32.Build.0 = Release|Win32
		{D6A4235C-22C0-4692-8C04-EEDFFE616790}.Debug|Win32.ActiveCfg = Debug|Win32
		{D6A4235C-22C0-4692-8C04-EEDFFE616790}.Debug|Win32.Build.0 = Debug|Win32
		{D6A4235C-22C0-4692-8C04-EEDFFE616790}.Release|Win32.ActiveCfg = Release|Win32
		{D6A4235C-22C0-4692-8C04-EEDFFE616790}.Release|Win32.Build.0 = Release|Win32
		{FA086773-496F-404C-9F9F-197189652E57}.Debug|Win32.ActiveCfg = Debug|Win32
		{FA086773-496F-404C-9F9F-197189652E57}.Debug|Win32.Build.0 = Debug|Win32
		{FA086773-496F-404C-9F9F-197189652E57}.Release|Win32.ActiveCfg = Release|Win32
		{FA086773-496F-404C-9F9F-197189652E57}.Release|Win32.Build.0 = Release|Win32
		{ACB4642D-3E0E-4001-BB48-1919D25542AC}.Debug|Win32.ActiveCfg = Debug|Win32
		{ACB4642D-3E0E-4001-BB48-1919D25542AC}.Debug|Win32.Build.0 = Debug|Win32
		{ACB4642D-3E0E-4001-BB48-1919D25542AC}.Release|Win32.ActiveCfg = Release|Win32
		{ACB4642D-3E0E-4001-BB48-1919D25542AC}.Release|Win32.Build.0 = Release|Win32
		{D335E14B-F7DE-459B-AA2D-B4240D3E754E}.Debug|Win32.ActiveCfg = Debug|Win32
		{D335E14B-F7DE-459B-AA2D-B4240D3E754E}.Debug|Win32.Build.0 = Debug|Win32
		{D335E14B-F7DE-459B-AA2D-B4240D3E754E}.Release|Win32.ActiveCfg = Release|Win32
		{D335E14B-F7DE-459B-AA2D-B4240D3E754E}.Release|Win32.Build.0 = Release|Win32
		{86B52775-0CD5-40F3-AA84-E1B6B5095B7B}.Debug|Win32.ActiveCfg = Debug|Win32
		{86B52775-0CD5-40F3-AA84-E1B6B5095B7B}.Debug|Win32.Build.0 = Debug|Win32
		{86B52775-0CD5-40F3-AA84-E1B6B5095B7B}.Release|Win32.ActiveCfg = Release|Win32
		{86B52775-0CD5-40F3-AA84-E1B6B5095B7B}.Release|Win32.Build.0 = Release|Win32
		{1BC569F8-69B9-4D3E-A800-FDD1587F0FB3}.Debug|Win32.ActiveCfg = Debug|Win32
		{1BC569F8-69B9-4D3E-A800-FDD1587F0FB3}.Debug|Win32.Build.0 = Debug|Win32
		{1BC569F8-69B9-4D3E-A800-FDD1587F0FB3}.Release|Win32.ActiveCfg = Release|Win32
		{1BC569F8-69B9-4D3E-A800-FDD1587F0FB3}.Release|Win32.Build.0 = Release|Win32
		{FAE4E806-4DC4-4346-917F-87F87EEDBFC3}.Debug|Win32.ActiveCfg = Debug|Win32
		{FAE4E806-4DC4-4346-917F-87F87EEDBFC3}.Debug|Win32.Build.0 = Debug|Win32
		{FAE4E806-4DC4-4346-917F-87F87EEDBFC3}.Release|Win32.ActiveCfg = Release|Win32
		{FAE4E806-4DC4-4346-917F-87F87EEDBFC3}.Release|Win32.Build.0 = Release|Win32
		{EAE27F25-5F86-482C-B790-C231BA53210F}.Debug|Win32.ActiveCfg = Debug|Win32
		{EAE27F25-5F86-482C-B790-C231BA53210F}.Debug|Win32.Build.0 = Debug|Win32
		{EAE27F25-5F86-482C-B790-C231BA53210F}.Release|Win32.ActiveCfg = Release|Win32
		{EAE27F25-5F86-482C-B790-C231BA53210F}.Release|Win32.Build.0 = Release|Win32
		{0994A269-A8A0-4EC2-B277-2EC55AACD9A8}.Debug|Win32.ActiveCfg = Debug|Win32
		{0994A269-A8A0-4EC2-B277-2EC55AACD9A8}.Debug|Win32.Build.0 = Debug|Win32
		{0994A269-A8A0-4EC2-B277-2EC55AACD9A8}.Release|Win32.ActiveCfg = Release|Win32
		{0994A269-A8A0-4EC2-B277-2EC55AACD9A8}.Release|Win32.Build.0 = Release|Win32
		{6B0E26F9-0E59-4E0E-9A15-9D063B99F18B}.Debug|Win32.ActiveCfg = Debug|Win32
		{6B0E26F9-0E59-4E0E-9A15-9D063B99F18B}.Debug|Win32.Build.0 = Debug|Win32
		{6B0E26F9-0E59-4E0E-9A15-9D063B99F18B}.Release|Win32.ActiveCfg = Release|Win32
		{6B0E26F9-0E59-4E0E-9A15-9D063B99F18B}.Release|Win32.Build.0 = Release|Win32
		{2263C3F8-F157-4B2E-8F1D-92BFA1B1ED9F}.Debug|Win32.ActiveCfg = Debug|Win32
		{2263C3F8-F157-4B2E-8F1D-92BFA1B1ED9F}.Debug|Win32.Build.0 = Debug|Win32
		{2263C3F8-F157-4B2E-8F1D-92BFA1B1ED9F}.Release|Win32.ActiveCfg = Release|Win32
		{2263C3F8-F157-4B2E-8F1D-92BFA1B1ED9F}.Release|Win32.Build.0 = Release|Win32
		{ADCC916D-6162-472C-BF06-11340783CC75}.Debug|Win32.ActiveCfg = Debug|Win32
		{ADCC916D-6162-472C-BF06-11340783CC75}.Debug|Win32.Build.0 = Debug|Win32
		{ADCC916D-6162-472C-BF06-11340783CC75}.Release|Win32.ActiveCfg = Release|Win32
		{ADCC916D-6162-472C-BF06-11340783CC75}.Release|Win32.Build.0 = Release|Win32
		{E35D73B9-68D4-4368-80F2-5F48BB8C698F}.Debug|Win32.ActiveCfg = Debug|Win32
		{E35D73B9-68D4-4368-80F2-5F48BB8C698F}.Debug|Win32.Build.0 = Debug|Win32
		{E35D73B9-68D4-4368-80F2-5F48BB8C698F}.Release|Win32.ActiveCfg = Release|Win32
		{E35D73B9-68D4-4368-80F2-5F48BB8C698F}.Release|Win32.Build.0 = Release|Win32
		{B52DBAD2-47AC-4F7C-9814-94BD16B95201}.Debug|Win32.ActiveCfg = Debug|Win32
		{B52DBAD2-47AC-4F7C-9814-94BD16B95201}.Debug|Win32.Build.0 = Debug|Win32
		{B52DBAD2-47AC-4F7C-9814-94BD16B95201}.Release|Win32.ActiveCfg = Release|Win32
		{B52DBAD2-47AC-4F7C-9814-94BD16B95201}.Release|Win32.Build.0 = Release|Win32
		{2755A2CE-3BF3-46B6-A01E-D8FB5F67B17A}.Debug|Win32.ActiveCfg = Debug|Win32
		{2755A2CE-3BF3-46B6-A01E-D8FB5F67B17A}.Debug|Win32.Build.0 = Debug|Win32
		{2755A2CE-3BF3-46B6-A01E-D8FB5F67B17A}.Release|Win32.ActiveCfg = Release|Win32
		{2755A2CE-3BF3-46B6-A01E-D8FB5F67B17A}.Release|Win32.Build.0 = Release|Win32
		{6F8C5125-ABA9-4D4A-AEF5-AAF0F0CE67AD}.Debug|Win32.ActiveCfg = Debug|Win32
		{6F8C5125-ABA9-4D4A-AEF5-AAF0F0CE67AD}.Debug|Win32.Build.0 = Debug|Win32
		{6F8C5125-ABA9-4D4A-AEF5-AAF0F0CE67AD}.Release|Win32.ActiveCfg = Release|Win32
		{6F8C5125-ABA9-4D4A-AEF5-AAF0F0CE67AD}.Release|Win32.Build.0 = Release|Win32
		{A0D95EAB-2AAA-4D11-B6D0-733B8E85D61E}.Debug|Win32.ActiveCfg = Debug|Win32
		{A0D95EAB-2AAA-4D11-B6D0-733B8E85D61E}.Debug|Win32.Build.0 = Debug|Win32
		{A0D95EAB-2AAA-4D11-B6D0-733B8E85D61E}.Release|Win32.ActiveCfg = Release|Win32
		{A0D95EAB-2AAA-4D11-B6D0-733B8E85D61E}.Release|Win32.Build.0 = Release|Win32
		{7D86068E-A828-4739-8FA9-6551EEACB816}.Debug|Win32.ActiveCfg = Debug|Win32
		{7D86068E-A828-4739-8FA9-6551EEACB816}.Debug|Win32.Build.0 = Debug|Win32
		{7D86068E-A828-4739-8FA9-6551EEACB816}.Release|Win32.ActiveCfg = Release|Win32
		{7D86068E-A828-4739-8FA9-6551EEACB816}.Release|Win32.Build.0 = Release|Win32
		{E3DDFA42-B171-48A7-9AF4-4A119BD567BC}.Debug|Win32.ActiveCfg = Debug|Win32
		{E3DDFA42-B171-48A7-9AF4-4A119BD567BC}.Debug|Win32.Build.0 = Debug|Win32
		{E3DDFA42-B171-48A7-9AF4-4A119BD567BC}.Release|Win32.ActiveCfg = Release|Win32
		{E3DDFA42-B171-48A7-9AF4-4A119BD567BC}.Release|Win32.Build.0 = Release|Win32
		{8E47638A-0FB0-4363-8DC0-8D12CD7C9609}.Debug|Win32.ActiveCfg = Debug|Win32
		{8E47638A-0FB0-4363-8DC0-8D12CD7C9609}.Debug|Win32.Build.0 = Debug|Win32
		{8E47638A-0FB0-4363-8DC0-8D12CD7C9609}.Release|Win32.ActiveCfg = Release|Win32
		{8E47638A-0FB0-4363-8DC0-8D12CD7C9609}.Release|Win32.Build.0 = Release|Win32
		{2CD488EC-D91B-465C-8614-FFC84AF08150}.Debug|Win32.ActiveCfg = Debug|Win32
		{2CD488EC-D91B-465C-8614-FFC84AF08150}.Debug|Win32.Build.0 = Debug|Win32
		{2CD488EC-D91B-465C-8614-FFC84AF08150}.Release|Win32.ActiveCfg = Release|Win32
		{2CD488EC-D91B-465C-8614-FFC84AF08150}.Release|Win32.Build.0 = Release|Win32
		{8B3ACFD1-6DC7-40B6-9432-068804C6FB79}.Debug|Win32.ActiveCfg = Debug|Win32
		{8B3ACFD1-6DC7-40B6-9432-068804C6FB79}.Debug|Win32.Build.0 = Debug|Win32
		{8B3ACFD1-6DC7-40B6-9432-068804C6FB79}.Release|Win32.ActiveCfg = Release|Win32
		{8B3ACFD1-6DC7-40B6-9432-068804C6FB79}.Release|Win32.Build.0 = Release|Win32
		{F770A8A4-7A9C-4154-9198-8B6E1AB03BE0}.Debug|Win32.ActiveCfg = Debug|Win32
		{F770A8A4-7A9C-4154-9198-8B6E1AB03BE0}.Debug|Win32.Build.0 = Debug|Win32
		{F770A8A4-7A9C-4154-9198-8B6E1AB03BE0}.Release|Win32.ActiveCfg = Release|Win32
		{F770A8A4-7A9C-4154-9198-8B6E1AB03BE0}.Release|Win32.Build.0 = Release|Win32
		{8FD88770-B02A-4FF5-BC39-AF8931F8C77F}.Debug|Win32.ActiveCfg = Debug|Win32
		{8FD88770-B02A-4FF5-BC39-AF8931F8C77F}.Debug|Win32.Build.0 = Debug|Win32
		{8FD88770-B02A-4FF5-BC39-AF8931F8C77F}.Release|Win32.ActiveCfg = Release|Win32
		{8FD88770-B02A-4FF5-BC39-AF8931F8C77F}.Release|Win32.Build.0 = Release|Win32
		{437ECD7F-A465-4011-88FE-013EB3EBF87E}.Debug|Win32.ActiveCfg = Debug|Win32
		{437ECD7F-A465-4011-88FE-013EB3EBF87E}.Debug|Win32.Build.0 = Debug|Win32
		{437ECD7F-A465-4011-88FE-013EB3EBF87E}.Release|Win32.ActiveCfg = Release|Win32
		{437ECD7F-A465-4011-88FE-013EB3EBF87E}.Release|Win32.Build.0 = Release|Win32
	EndGlobalSection
	GlobalSection(SolutionProperties) = preSolution
		HideSolutionNode = FALSE
	EndGlobalSection
EndGlobal
